{
    "_readme": [
        "This file locks the dependencies of your project to a known state",
        "Read more about it at https://getcomposer.org/doc/01-basic-usage.md#composer-lock-the-lock-file",
        "This file is @generated automatically"
    ],
    "content-hash": "0a42965a7a82eb0e1f3a1d50a1df2e45",
    "packages": [
        {
            "name": "topthink/think-captcha",
            "version": "v1.0.7",
            "source": {
                "type": "git",
                "url": "https://github.com/top-think/think-captcha.git",
                "reference": "0c55455df26a1626a60d0dc35d2d89002b741d44"
            },
            "dist": {
                "type": "zip",
                "url": "https://files.phpcomposer.com/files/top-think/think-captcha/0c55455df26a1626a60d0dc35d2d89002b741d44.zip",
                "reference": "0c55455df26a1626a60d0dc35d2d89002b741d44",
                "shasum": ""
            },
            "type": "library",
            "autoload": {
                "psr-4": {
                    "think\\captcha\\": "src/"
                },
                "files": [
                    "src/helper.php"
                ]
            },
            "notification-url": "https://packagist.org/downloads/",
            "license": [
                "Apache-2.0"
            ],
            "authors": [
                {
                    "name": "yunwuxin",
                    "email": "448901948@qq.com"
                }
            ],
            "description": "captcha package for thinkphp5",
            "time": "2016-07-06T01:47:11+00:00"
        },
        {
            "name": "topthink/think-worker",
            "version": "v1.0.1",
            "source": {
                "type": "git",
                "url": "https://github.com/top-think/think-worker.git",
                "reference": "b609ff5e38dbb7194aab027d2b2c6b31a7ed1bd1"
            },
            "dist": {
                "type": "zip",
                "url": "https://files.phpcomposer.com/files/top-think/think-worker/b609ff5e38dbb7194aab027d2b2c6b31a7ed1bd1.zip",
                "reference": "b609ff5e38dbb7194aab027d2b2c6b31a7ed1bd1",
                "shasum": ""
            },
            "require": {
                "workerman/workerman": "^3.3.0"
            },
            "type": "library",
            "autoload": {
                "psr-4": {
                    "think\\worker\\": "src"
                },
                "files": []
            },
            "notification-url": "https://packagist.org/downloads/",
            "license": [
                "Apache-2.0"
            ],
            "authors": [
                {
                    "name": "liu21st",
                    "email": "liu21st@gmail.com"
                }
            ],
            "description": "workerman extend for thinkphp5",
            "time": "2016-10-08T06:07:03+00:00"
        },
        {
            "name": "workerman/phpsocket.io-for-win",
            "version": "v1.1.5",
            "source": {
                "type": "git",
                "url": "https://github.com/walkor/phpsocket.io-for-win.git",
                "reference": "8dbef93bda60e77384e58097ed8425828be38e0b"
            },
            "dist": {
                "type": "zip",
                "url": "https://files.phpcomposer.com/files/walkor/phpsocket.io-for-win/8dbef93bda60e77384e58097ed8425828be38e0b.zip",
                "reference": "8dbef93bda60e77384e58097ed8425828be38e0b",
                "shasum": ""
            },
            "require": {
                "workerman/workerman-for-win": ">=3.1.8"
            },
            "type": "project",
            "autoload": {
                "psr-4": {
                    "PHPSocketIO\\": "./src"
                }
            },
            "notification-url": "https://packagist.org/downloads/",
            "license": [
                "MIT"
            ],
            "homepage": "http://www.workerman.net",
            "keywords": [
                "Socket.io"
            ],
            "time": "2017-10-09T03:07:44+00:00"
        },
        {
            "name": "workerman/workerman",
            "version": "v3.5.4",
            "source": {
                "type": "git",
                "url": "https://github.com/walkor/Workerman.git",
                "reference": "f6e129079e5f5398bffc218024f2dd95678fc564"
            },
            "dist": {
                "type": "zip",
                "url": "https://files.phpcomposer.com/files/walkor/Workerman/f6e129079e5f5398bffc218024f2dd95678fc564.zip",
                "reference": "f6e129079e5f5398bffc218024f2dd95678fc564",
                "shasum": ""
            },
            "require": {
                "php": ">=5.3"
            },
            "suggest": {
                "ext-event": "For better performance. "
            },
            "type": "library",
            "autoload": {
                "psr-4": {
                    "Workerman\\": "./"
                }
            },
            "notification-url": "https://packagist.org/downloads/",
            "license": [
                "MIT"
            ],
            "authors": [
                {
                    "name": "walkor",
                    "email": "walkor@workerman.net",
                    "homepage": "http://www.workerman.net",
                    "role": "Developer"
                }
            ],
            "description": "An asynchronous event driven PHP framework for easily building fast, scalable network applications.",
            "homepage": "http://www.workerman.net",
            "keywords": [
                "asynchronous",
                "event-loop"
            ],
            "time": "2017-12-06T04:17:52+00:00"
        },
        {
            "name": "workerman/workerman-for-win",
            "version": "v3.5.1",
            "source": {
                "type": "git",
                "url": "https://github.com/walkor/workerman-for-win.git",
                "reference": "cbaae3193e4567fd9cfc8099931c63d9b12174ee"
            },
            "dist": {
                "type": "zip",
                "url": "https://files.phpcomposer.com/files/walkor/workerman-for-win/cbaae3193e4567fd9cfc8099931c63d9b12174ee.zip",
                "reference": "cbaae3193e4567fd9cfc8099931c63d9b12174ee",
                "shasum": ""
            },
            "require": {
                "php": ">=5.3"
            },
            "type": "project",
            "autoload": {
                "psr-4": {
                    "Workerman\\": "./"
                }
            },
            "notification-url": "https://packagist.org/downloads/",
            "license": [
                "MIT"
            ],
            "authors": [
                {
                    "name": "walkor",
                    "email": "walkor@workerman.net",
                    "homepage": "http://www.workerman.net",
                    "role": "Developer"
                }
            ],
            "description": "An asynchronous event driven PHP framework for easily building fast, scalable network applications.",
            "homepage": "http://www.workerman.net",
            "keywords": [
                "asynchronous",
                "event-loop"
            ],
            "time": "2017-08-28T10:05:00+00:00"
        }
    ],
    "packages-dev": [],
    "aliases": [],
    "minimum-stability": "stable",
    "stability-flags": [],
    "prefer-stable": false,
    "prefer-lowest": false,
    "platform": [],
    "platform-dev": []
}
